
Microsoft Visual Studio Solution File, Format Version 12.00
# Visual Studio Version 16
VisualStudioVersion = 16.0.29509.3
MinimumVisualStudioVersion = 10.0.40219.1
Project("{FAE04EC0-301F-11D3-BF4B-00C04F79EFBC}") = "OCRTranslate", "OCRTranslate\OCRTranslate.csproj", "{DE9345A1-FC22-40B8-A6E9-03D9267E3B32}"
EndProject
Global
	GlobalSection(SolutionConfigurationPlatforms) = preSolution
		Debug|Any CPU = Debug|Any CPU
		Release|Any CPU = Release|Any CPU
	EndGlobalSection
	GlobalSection(ProjectConfigurationPlatforms) = postSolution
		{DE9345A1-FC22-40B8-A6E9-03D9267E3B32}.Debug|Any CPU.ActiveCfg = Debug|Any CPU
		{DE9345A1-FC22-40B8-A6E9-03D9267E3B32}.Debug|Any CPU.Build.0 = Debug|Any CPU
		{DE9345A1-FC22-40B8-A6E9-03D9267E3B32}.Release|Any CPU.ActiveCfg = Release|Any CPU
		{DE9345A1-FC22-40B8-A6E9-03D9267E3B32}.Release|Any CPU.Build.0 = Release|Any CPU
	EndGlobalSection
	GlobalSection(SolutionProperties) = preSolution
		HideSolutionNode = FALSE
	EndGlobalSection
	GlobalSection(ExtensibilityGlobals) = postSolution
		SolutionGuid = {0706F726-9936-4A04-9B93-EE61F2BD90D3}
	EndGlobalSection
EndGlobal
